{
  "name": "@pailo/ai",
  "version": "0.1.0",
  "lockfileVersion": 3,
  "requires": true,
  "packages": {
    "": {
      "name": "@pailo/ai",
      "version": "0.1.0",
      "dependencies": {
        "@anthropic-ai/sdk": "^0.24.0",
        "@google/generative-ai": "^0.2.1"
      },
      "devDependencies": {
        "typescript": "^6.0.3"
      }
    },
    "../../node_modules/.pnpm/@anthropic-ai+sdk@0.24.3/node_modules/@anthropic-ai/sdk": {
      "version": "0.24.3",
      "license": "MIT",
      "dependencies": {
        "@types/node": "^18.11.18",
        "@types/node-fetch": "^2.6.4",
        "abort-controller": "^3.0.0",
        "agentkeepalive": "^4.2.1",
        "form-data-encoder": "1.7.2",
        "formdata-node": "^4.3.2",
        "node-fetch": "^2.6.7",
        "web-streams-polyfill": "^3.2.1"
      }
    },
    "node_modules/@anthropic-ai/sdk": {
      "resolved": "../../node_modules/.pnpm/@anthropic-ai+sdk@0.24.3/node_modules/@anthropic-ai/sdk",
      "link": true
    },
    "node_modules/@google/generative-ai": {
      "version": "0.2.1",
      "resolved": "https://registry.npmjs.org/@google/generative-ai/-/generative-ai-0.2.1.tgz",
      "integrity": "sha512-gNmMFadfwi7qf/6M9gImgyGJXY1jKQ/de8vGOqgJ0PPYgQ7WwzZDavbKrIuXS2zdqZZaYtxW3EFN6aG9x5wtFw==",
      "license": "Apache-2.0",
      "engines": {
        "node": ">=18.0.0"
      }
    },
    "node_modules/typescript": {
      "version": "6.0.3",
      "resolved": "https://registry.npmjs.org/typescript/-/typescript-6.0.3.tgz",
      "integrity": "sha512-y2TvuxSZPDyQakkFRPZHKFm+KKVqIisdg9/CZwm9ftvKXLP8NRWj38/ODjNbr43SsoXqNuAisEf1GdCxqWcdBw==",
      "dev": true,
      "license": "Apache-2.0",
      "bin": {
        "tsc": "bin/tsc",
        "tsserver": "bin/tsserver"
      },
      "engines": {
        "node": ">=14.17"
      }
    }
  }
}
